
Microsoft Visual Studio Solution File, Format Version 12.00
# Visual Studio 15
VisualStudioVersion = 15.0.27703.2026
MinimumVisualStudioVersion = 10.0.40219.1
Project("{8BC9CEB8-8B4A-11D0-8D11-00A0C91BC942}") = "HuffmanTree", "HuffmanTree\HuffmanTree.vcxproj", "{E4FA5A0F-C433-4BED-A5B2-84F4AE1086A4}"
EndProject
Global
	GlobalSection(SolutionConfigurationPlatforms) = preSolution
		Debug|x64 = Debug|x64
		Debug|x86 = Debug|x86
		Release|x64 = Release|x64
		Release|x86 = Release|x86
	EndGlobalSection
	GlobalSection(ProjectConfigurationPlatforms) = postSolution
		{E4FA5A0F-C433-4BED-A5B2-84F4AE1086A4}.Debug|x64.ActiveCfg = Debug|x64
		{E4FA5A0F-C433-4BED-A5B2-84F4AE1086A4}.Debug|x64.Build.0 = Debug|x64
		{E4FA5A0F-C433-4BED-A5B2-84F4AE1086A4}.Debug|x86.ActiveCfg = Debug|Win32
		{E4FA5A0F-C433-4BED-A5B2-84F4AE1086A4}.Debug|x86.Build.0 = Debug|Win32
		{E4FA5A0F-C433-4BED-A5B2-84F4AE1086A4}.Release|x64.ActiveCfg = Release|x64
		{E4FA5A0F-C433-4BED-A5B2-84F4AE1086A4}.Release|x64.Build.0 = Release|x64
		{E4FA5A0F-C433-4BED-A5B2-84F4AE1086A4}.Release|x86.ActiveCfg = Release|Win32
		{E4FA5A0F-C433-4BED-A5B2-84F4AE1086A4}.Release|x86.Build.0 = Release|Win32
	EndGlobalSection
	GlobalSection(SolutionProperties) = preSolution
		HideSolutionNode = FALSE
	EndGlobalSection
	GlobalSection(ExtensibilityGlobals) = postSolution
		SolutionGuid = {7F46FE44-8FF0-44B8-AFC6-16BE43E7DD3F}
	EndGlobalSection
EndGlobal
